format=local-inference-vllm-wheel-runtime/v2
status=research-only
builder.image=nvcr.io/nvidia/pytorch@sha256:33ef5fc15e8937602d64022209cdb2777b32dadf742f41332023d946041b3c14
rust.image=rust@sha256:6f9e63259f12e1e599296f5ecfed2bae46de4af0ee0525dd8b89c046e236d5c5
rust.version=1.95.0
uv.image=ghcr.io/astral-sh/uv@sha256:173b74e36e4bddd0546771a7041cae9f65b3ad28964eb22a2853bca944b2c67a
uv.version=0.11.30
uv.sha256=d802a8d29eb5f80819a68317a93b926fcb67d5d27963c5f3f088f1d14a91a2cf
buildx.builder=lil-wheel-cu134-sm120
build.cutlass-scaled-mm-c2x=OFF
python.version=3.12
cuda.version=13.4.1
pytorch.version=2.14.0a0+4fdf77b940.nv26.8.63802676
pytorch.runtime-version=2.14.0a0+4fdf77b940.nv26.08
pytorch.commit=4fdf77b940a7e61d854b9be527884e38f32d335a
torchvision.version=0.29.0a0+0bc41e67.nv26.8.63802676
flashinfer.requirement=0.6.18
cuda.arch-list=12.0a
