format=local-inference-jovian-wheel-runtime/v1
status=research-only
python.version=3.12
cuda.version=13.3
pytorch.version=2.13.0
pytorch.commit=cf30153c4c131c8164ee7798e5022d810682e2cb
nccl.version=2.31.2
nccl.commit=fb6f40999a2a9e63104d4ae4a84118bce61528f8
cutlass-dsl.version=4.6.2
builder.image=voipmonitor/vllm@sha256:03b67e53dda73c3fa317d4cb529ad38a220c51c7365ee8d54c16e5063fcc54e2
foundation.python-path=/opt/venv/lib/python3.12/site-packages:/opt/exllamav3
flashinfer.repository=https://github.com/voipmonitor/flashinfer.git
flashinfer.commit=803c4664f4771ddc418f20a57f752469a237a825
flashinfer.version=0.6.18+cu133
flashinfer.artifact.image=voipmonitor/vllm@sha256:79edbc91874d9468e3e6268e1584503e3dec55f2a4d3bdd70d5c43e9b41675c7
flashinfer.python.sha256=3a5b1143d8b933d71881c2d71a2c0677360528344813be1893bafa9f335affea
flashinfer.jit-cache.sha256=9d08679e4ba3cc7c49c5f8035268b7958e9c4d8c7a5e8cd842211da46007809f
b12x.repository=https://github.com/local-inference-lab/b12x.git
b12x.ref=master
uv.version=0.11.30
uv.sha256=9a4299a0c3bcc01012acbcdae7b5655e5087e0e5d87459306736a1420a902b81
