format=local-inference-vllm-wheel-runtime/v2
status=research-only
platform=linux/arm64
builder.image=nvcr.io/nvidia/pytorch@sha256:237ecf9ac7373daf91b31bb4f86651ce1ce57b676366ed435aa1aba61dad81d5
rust.image=rust@sha256:d81582a30689ffafaa04e2a9e117d39cc5032cb12eee8d6a5f26b1f215c1e3e8
rust.version=1.95.0
uv.image=ghcr.io/astral-sh/uv@sha256:2f0a1c36ce6323e61bc81d39e692319669c03e385b592d670b6ba36dc884e3aa
uv.version=0.11.30
uv.sha256=f9586244ba1c3741aa8d6ec7314cdbd30bc3b5f2173b2e418ceae6d319ecdf8f
buildx.builder=lil-wheel-cu134-arm64
build.cutlass-scaled-mm-c2x=OFF
python.version=3.12
cuda.version=13.4.1
pytorch.version=2.14.0a0+4fdf77b940.nv26.8.63802676
pytorch.runtime-version=2.14.0a0+4fdf77b940.nv26.08
pytorch.commit=4fdf77b940a7e61d854b9be527884e38f32d335a
torchvision.version=0.29.0a0+0bc41e67.nv26.8.63802676
flashinfer.requirement=0.6.18
cutlass-dsl.version=4.7.1
cuda.arch-list=12.0f
